
Microsoft Visual Studio Solution File, Format Version 10.00
# Visual Studio 2008
Project("{D183A3D8-5FD8-494B-B014-37F57B35E655}") = "Integration Services MBond", "Integration Services MBond.dtproj", "{7CDA968E-615D-48F6-906C-0C1BC8AEFFB0}"
EndProject
Global
	GlobalSection(SolutionConfigurationPlatforms) = preSolution
		Development|Default = Development|Default
	EndGlobalSection
	GlobalSection(ProjectConfigurationPlatforms) = postSolution
		{7CDA968E-615D-48F6-906C-0C1BC8AEFFB0}.Development|Default.ActiveCfg = Development
		{7CDA968E-615D-48F6-906C-0C1BC8AEFFB0}.Development|Default.Build.0 = Development
	EndGlobalSection
	GlobalSection(SolutionProperties) = preSolution
		HideSolutionNode = FALSE
	EndGlobalSection
EndGlobal
