
Microsoft Visual Studio Solution File, Format Version 10.00
# Visual Studio 2008
Project("{D2ABAB84-BF74-430A-B69E-9DC6D40DDA17}") = "ProductionDataAnalysis", "ProductionDataAnalysis\ProductionDataAnalysis.dwproj", "{45774F18-D897-43A5-8850-BC1A5E971117}"
EndProject
Global
	GlobalSection(SolutionConfigurationPlatforms) = preSolution
		Development|Default = Development|Default
	EndGlobalSection
	GlobalSection(ProjectConfigurationPlatforms) = postSolution
		{45774F18-D897-43A5-8850-BC1A5E971117}.Development|Default.ActiveCfg = Development
		{45774F18-D897-43A5-8850-BC1A5E971117}.Development|Default.Build.0 = Development
		{45774F18-D897-43A5-8850-BC1A5E971117}.Development|Default.Deploy.0 = Development
	EndGlobalSection
	GlobalSection(SolutionProperties) = preSolution
		HideSolutionNode = FALSE
	EndGlobalSection
EndGlobal
