
Microsoft Visual Studio Solution File, Format Version 10.00
# Visual Studio 2008
Project("{D2ABAB84-BF74-430A-B69E-9DC6D40DDA17}") = "ProductionDataAnalysis", "Analysis Services Project1\ProductionDataAnalysis.dwproj", "{07C04C4A-7F98-448D-B7BF-166B8947E96F}"
EndProject
Global
	GlobalSection(SolutionConfigurationPlatforms) = preSolution
		Development|Default = Development|Default
	EndGlobalSection
	GlobalSection(ProjectConfigurationPlatforms) = postSolution
		{07C04C4A-7F98-448D-B7BF-166B8947E96F}.Development|Default.ActiveCfg = Development
		{07C04C4A-7F98-448D-B7BF-166B8947E96F}.Development|Default.Build.0 = Development
		{07C04C4A-7F98-448D-B7BF-166B8947E96F}.Development|Default.Deploy.0 = Development
	EndGlobalSection
	GlobalSection(SolutionProperties) = preSolution
		HideSolutionNode = FALSE
	EndGlobalSection
EndGlobal
