
Microsoft Visual Studio Solution File, Format Version 12.00
# Visual Studio 2012
Project("{FAE04EC0-301F-11D3-BF4B-00C04F79EFBC}") = "SFTPConsoleApplication2", "SFTPConsoleApplication2.csproj", "{EEBE0B59-70F1-44A8-9109-CAB2690AB053}"
EndProject
Global
	GlobalSection(TeamFoundationVersionControl) = preSolution
		SccNumberOfProjects = 1
		SccEnterpriseProvider = {4CA58AB2-18FA-4F8D-95D4-32DDF27D184C}
		SccTeamFoundationServer = http://lockthbnk-tap3:8080/tfs/portal
		SccProjectUniqueName0 = SFTPConsoleApplication2.csproj
		SccProjectName0 = .
		SccAuxPath0 = http://lockthbnk-tap3:8080/tfs/portal
		SccLocalPath0 = .
		SccProvider0 = {4CA58AB2-18FA-4F8D-95D4-32DDF27D184C}
	EndGlobalSection
	GlobalSection(SolutionConfigurationPlatforms) = preSolution
		Debug|Any CPU = Debug|Any CPU
		Release|Any CPU = Release|Any CPU
	EndGlobalSection
	GlobalSection(ProjectConfigurationPlatforms) = postSolution
		{EEBE0B59-70F1-44A8-9109-CAB2690AB053}.Debug|Any CPU.ActiveCfg = Debug|Any CPU
		{EEBE0B59-70F1-44A8-9109-CAB2690AB053}.Debug|Any CPU.Build.0 = Debug|Any CPU
		{EEBE0B59-70F1-44A8-9109-CAB2690AB053}.Release|Any CPU.ActiveCfg = Release|Any CPU
		{EEBE0B59-70F1-44A8-9109-CAB2690AB053}.Release|Any CPU.Build.0 = Release|Any CPU
	EndGlobalSection
	GlobalSection(SolutionProperties) = preSolution
		HideSolutionNode = FALSE
	EndGlobalSection
EndGlobal
