
Microsoft Visual Studio Solution File, Format Version 10.00
# Visual Studio 2008
Project("{D2ABAB84-BF74-430A-B69E-9DC6D40DDA17}") = "Analysis Services Project1", "Analysis Services Project1\Analysis Services Project1.dwproj", "{957FF03C-10A4-4C7C-B1FF-2A6441813F5C}"
EndProject
Global
	GlobalSection(SolutionConfigurationPlatforms) = preSolution
		Development|Default = Development|Default
	EndGlobalSection
	GlobalSection(ProjectConfigurationPlatforms) = postSolution
		{957FF03C-10A4-4C7C-B1FF-2A6441813F5C}.Development|Default.ActiveCfg = Development
		{957FF03C-10A4-4C7C-B1FF-2A6441813F5C}.Development|Default.Build.0 = Development
		{957FF03C-10A4-4C7C-B1FF-2A6441813F5C}.Development|Default.Deploy.0 = Development
	EndGlobalSection
	GlobalSection(SolutionProperties) = preSolution
		HideSolutionNode = FALSE
	EndGlobalSection
EndGlobal
